
Microsoft Visual Studio Solution File, Format Version 12.00
# Visual Studio Version 16
VisualStudioVersion = 16.0.31613.86
MinimumVisualStudioVersion = 10.0.40219.1
Project("{FAE04EC0-301F-11D3-BF4B-00C04F79EFBC}") = "senai_filmes_webAPI", "senai_filmes_webAPI\senai_filmes_webAPI.csproj", "{2ECEEEF9-BA0C-4A32-A58E-397BE5BF4666}"
EndProject
Global
	GlobalSection(SolutionConfigurationPlatforms) = preSolution
		Debug|Any CPU = Debug|Any CPU
		Release|Any CPU = Release|Any CPU
	EndGlobalSection
	GlobalSection(ProjectConfigurationPlatforms) = postSolution
		{2ECEEEF9-BA0C-4A32-A58E-397BE5BF4666}.Debug|Any CPU.ActiveCfg = Debug|Any CPU
		{2ECEEEF9-BA0C-4A32-A58E-397BE5BF4666}.Debug|Any CPU.Build.0 = Debug|Any CPU
		{2ECEEEF9-BA0C-4A32-A58E-397BE5BF4666}.Release|Any CPU.ActiveCfg = Release|Any CPU
		{2ECEEEF9-BA0C-4A32-A58E-397BE5BF4666}.Release|Any CPU.Build.0 = Release|Any CPU
	EndGlobalSection
	GlobalSection(SolutionProperties) = preSolution
		HideSolutionNode = FALSE
	EndGlobalSection
	GlobalSection(ExtensibilityGlobals) = postSolution
		SolutionGuid = {AD29DF34-A86F-4F86-AFF7-7A207A75EE3C}
	EndGlobalSection
EndGlobal
