
Microsoft Visual Studio Solution File, Format Version 12.00
# Visual Studio Version 16
VisualStudioVersion = 16.0.31613.86
MinimumVisualStudioVersion = 10.0.40219.1
Project("{FAE04EC0-301F-11D3-BF4B-00C04F79EFBC}") = "senai_inlock_webAPI_CodeFirst", "senai_inlock_webAPI_CodeFirst\senai_inlock_webAPI_CodeFirst.csproj", "{9B6114D0-B9DE-437B-A8C9-E2E8AEEF6FCC}"
EndProject
Global
	GlobalSection(SolutionConfigurationPlatforms) = preSolution
		Debug|Any CPU = Debug|Any CPU
		Release|Any CPU = Release|Any CPU
	EndGlobalSection
	GlobalSection(ProjectConfigurationPlatforms) = postSolution
		{9B6114D0-B9DE-437B-A8C9-E2E8AEEF6FCC}.Debug|Any CPU.ActiveCfg = Debug|Any CPU
		{9B6114D0-B9DE-437B-A8C9-E2E8AEEF6FCC}.Debug|Any CPU.Build.0 = Debug|Any CPU
		{9B6114D0-B9DE-437B-A8C9-E2E8AEEF6FCC}.Release|Any CPU.ActiveCfg = Release|Any CPU
		{9B6114D0-B9DE-437B-A8C9-E2E8AEEF6FCC}.Release|Any CPU.Build.0 = Release|Any CPU
	EndGlobalSection
	GlobalSection(SolutionProperties) = preSolution
		HideSolutionNode = FALSE
	EndGlobalSection
	GlobalSection(ExtensibilityGlobals) = postSolution
		SolutionGuid = {C5A785CB-B518-4C39-AAD6-43AD8FBFAFC1}
	EndGlobalSection
EndGlobal
